// !$*UTF8*$!
{
	archiveVersion = 1;
	classes = {
	};
	objectVersion = 55;
	objects = {

/* Begin PBXBuildFile section */
		3C582A60298A34CD000F1BC9 /* AppDelegate.swift in Sources */ = {isa = PBXBuildFile; fileRef = 3C582A5F298A34CD000F1BC9 /* AppDelegate.swift */; };
		3C582A62298A34CD000F1BC9 /* SceneDelegate.swift in Sources */ = {isa = PBXBuildFile; fileRef = 3C582A61298A34CD000F1BC9 /* SceneDelegate.swift */; };
		3C582A6C298A34D7000F1BC9 /* Assets.xcassets in Resources */ = {isa = PBXBuildFile; fileRef = 3C582A6B298A34D7000F1BC9 /* Assets.xcassets */; };
		3C582A82298A3630000F1BC9 /* InicioViewUI.swift in Sources */ = {isa = PBXBuildFile; fileRef = 3C582A7A298A3630000F1BC9 /* InicioViewUI.swift */; };
		3C582A83298A3630000F1BC9 /* InicioPresenter.swift in Sources */ = {isa = PBXBuildFile; fileRef = 3C582A7B298A3630000F1BC9 /* InicioPresenter.swift */; };
		3C582A84298A3630000F1BC9 /* InicioMain.swift in Sources */ = {isa = PBXBuildFile; fileRef = 3C582A7C298A3630000F1BC9 /* InicioMain.swift */; };
		3C582A85298A3630000F1BC9 /* InicioRouter.swift in Sources */ = {isa = PBXBuildFile; fileRef = 3C582A7D298A3630000F1BC9 /* InicioRouter.swift */; };
		3C582A86298A3630000F1BC9 /* InicioView.swift in Sources */ = {isa = PBXBuildFile; fileRef = 3C582A7E298A3630000F1BC9 /* InicioView.swift */; };
		3C582A87298A3630000F1BC9 /* InicioInteractor.swift in Sources */ = {isa = PBXBuildFile; fileRef = 3C582A7F298A3630000F1BC9 /* InicioInteractor.swift */; };
		3C582A88298A3630000F1BC9 /* InicioEntity.swift in Sources */ = {isa = PBXBuildFile; fileRef = 3C582A80298A3630000F1BC9 /* InicioEntity.swift */; };
		3C582A89298A3630000F1BC9 /* InicioProtocols.swift in Sources */ = {isa = PBXBuildFile; fileRef = 3C582A81298A3630000F1BC9 /* InicioProtocols.swift */; };
		3C582A8C298A38C2000F1BC9 /* Btn_Default.swift in Sources */ = {isa = PBXBuildFile; fileRef = 3C582A8B298A38C2000F1BC9 /* Btn_Default.swift */; };
		3C582A8E298A38D4000F1BC9 /* Btn_Gradient.swift in Sources */ = {isa = PBXBuildFile; fileRef = 3C582A8D298A38D4000F1BC9 /* Btn_Gradient.swift */; };
		3C582A90298A38DB000F1BC9 /* Colors.swift in Sources */ = {isa = PBXBuildFile; fileRef = 3C582A8F298A38DB000F1BC9 /* Colors.swift */; };
		3C582A9B298B34F4000F1BC9 /* Home-Lottie.json in Resources */ = {isa = PBXBuildFile; fileRef = 3C582A92298B34F3000F1BC9 /* Home-Lottie.json */; };
		3C582A9C298B34F4000F1BC9 /* netflix.json in Resources */ = {isa = PBXBuildFile; fileRef = 3C582A93298B34F3000F1BC9 /* netflix.json */; };
		3C582A9D298B34F4000F1BC9 /* ninja-lottie.json in Resources */ = {isa = PBXBuildFile; fileRef = 3C582A94298B34F3000F1BC9 /* ninja-lottie.json */; };
		3C582A9E298B34F4000F1BC9 /* check-error.json in Resources */ = {isa = PBXBuildFile; fileRef = 3C582A95298B34F3000F1BC9 /* check-error.json */; };
		3C582A9F298B34F4000F1BC9 /* select-panda.json in Resources */ = {isa = PBXBuildFile; fileRef = 3C582A96298B34F3000F1BC9 /* select-panda.json */; };
		3C582AA0298B34F4000F1BC9 /* anime.json in Resources */ = {isa = PBXBuildFile; fileRef = 3C582A97298B34F4000F1BC9 /* anime.json */; };
		3C582AA1298B34F4000F1BC9 /* home-card.json in Resources */ = {isa = PBXBuildFile; fileRef = 3C582A98298B34F4000F1BC9 /* home-card.json */; };
		3C582AA2298B34F4000F1BC9 /* check-succes.json in Resources */ = {isa = PBXBuildFile; fileRef = 3C582A99298B34F4000F1BC9 /* check-succes.json */; };
		3C582AA3298B34F4000F1BC9 /* action.json in Resources */ = {isa = PBXBuildFile; fileRef = 3C582A9A298B34F4000F1BC9 /* action.json */; };
		3C582AAD298B353F000F1BC9 /* AnimesRouter.swift in Sources */ = {isa = PBXBuildFile; fileRef = 3C582AA5298B353E000F1BC9 /* AnimesRouter.swift */; };
		3C582AAE298B353F000F1BC9 /* AnimesProtocols.swift in Sources */ = {isa = PBXBuildFile; fileRef = 3C582AA6298B353E000F1BC9 /* AnimesProtocols.swift */; };
		3C582AAF298B353F000F1BC9 /* AnimesViewUI.swift in Sources */ = {isa = PBXBuildFile; fileRef = 3C582AA7298B353E000F1BC9 /* AnimesViewUI.swift */; };
		3C582AB0298B353F000F1BC9 /* AnimesMain.swift in Sources */ = {isa = PBXBuildFile; fileRef = 3C582AA8298B353E000F1BC9 /* AnimesMain.swift */; };
		3C582AB1298B353F000F1BC9 /* AnimesView.swift in Sources */ = {isa = PBXBuildFile; fileRef = 3C582AA9298B353E000F1BC9 /* AnimesView.swift */; };
		3C582AB2298B353F000F1BC9 /* AnimesEntity.swift in Sources */ = {isa = PBXBuildFile; fileRef = 3C582AAA298B353E000F1BC9 /* AnimesEntity.swift */; };
		3C582AB3298B353F000F1BC9 /* AnimesInteractor.swift in Sources */ = {isa = PBXBuildFile; fileRef = 3C582AAB298B353E000F1BC9 /* AnimesInteractor.swift */; };
		3C582AB4298B353F000F1BC9 /* AnimesPresenter.swift in Sources */ = {isa = PBXBuildFile; fileRef = 3C582AAC298B353E000F1BC9 /* AnimesPresenter.swift */; };
		3C582AC0298B363B000F1BC9 /* SeriesInteractor.swift in Sources */ = {isa = PBXBuildFile; fileRef = 3C582AB8298B363B000F1BC9 /* SeriesInteractor.swift */; };
		3C582AC1298B363B000F1BC9 /* SeriesView.swift in Sources */ = {isa = PBXBuildFile; fileRef = 3C582AB9298B363B000F1BC9 /* SeriesView.swift */; };
		3C582AC2298B363B000F1BC9 /* SeriesPresenter.swift in Sources */ = {isa = PBXBuildFile; fileRef = 3C582ABA298B363B000F1BC9 /* SeriesPresenter.swift */; };
		3C582AC3298B363B000F1BC9 /* SeriesMain.swift in Sources */ = {isa = PBXBuildFile; fileRef = 3C582ABB298B363B000F1BC9 /* SeriesMain.swift */; };
		3C582AC4298B363B000F1BC9 /* SeriesViewUI.swift in Sources */ = {isa = PBXBuildFile; fileRef = 3C582ABC298B363B000F1BC9 /* SeriesViewUI.swift */; };
		3C582AC5298B363B000F1BC9 /* SeriesRouter.swift in Sources */ = {isa = PBXBuildFile; fileRef = 3C582ABD298B363B000F1BC9 /* SeriesRouter.swift */; };
		3C582AC6298B363B000F1BC9 /* SeriesProtocols.swift in Sources */ = {isa = PBXBuildFile; fileRef = 3C582ABE298B363B000F1BC9 /* SeriesProtocols.swift */; };
		3C582AC7298B363B000F1BC9 /* SeriesEntity.swift in Sources */ = {isa = PBXBuildFile; fileRef = 3C582ABF298B363B000F1BC9 /* SeriesEntity.swift */; };
		3C582AD1298B3769000F1BC9 /* PeliculasView.swift in Sources */ = {isa = PBXBuildFile; fileRef = 3C582AC9298B3768000F1BC9 /* PeliculasView.swift */; };
		3C582AD2298B3769000F1BC9 /* PeliculasViewUI.swift in Sources */ = {isa = PBXBuildFile; fileRef = 3C582ACA298B3768000F1BC9 /* PeliculasViewUI.swift */; };
		3C582AD3298B3769000F1BC9 /* PeliculasMain.swift in Sources */ = {isa = PBXBuildFile; fileRef = 3C582ACB298B3768000F1BC9 /* PeliculasMain.swift */; };
		3C582AD4298B3769000F1BC9 /* PeliculasProtocols.swift in Sources */ = {isa = PBXBuildFile; fileRef = 3C582ACC298B3769000F1BC9 /* PeliculasProtocols.swift */; };
		3C582AD5298B3769000F1BC9 /* PeliculasRouter.swift in Sources */ = {isa = PBXBuildFile; fileRef = 3C582ACD298B3769000F1BC9 /* PeliculasRouter.swift */; };
		3C582AD6298B3769000F1BC9 /* PeliculasEntity.swift in Sources */ = {isa = PBXBuildFile; fileRef = 3C582ACE298B3769000F1BC9 /* PeliculasEntity.swift */; };
		3C582AD7298B3769000F1BC9 /* PeliculasInteractor.swift in Sources */ = {isa = PBXBuildFile; fileRef = 3C582ACF298B3769000F1BC9 /* PeliculasInteractor.swift */; };
		3C582AD8298B3769000F1BC9 /* PeliculasPresenter.swift in Sources */ = {isa = PBXBuildFile; fileRef = 3C582AD0298B3769000F1BC9 /* PeliculasPresenter.swift */; };
		4634C8AC991DD772FE360D2C /* Pods_Adivina.framework in Frameworks */ = {isa = PBXBuildFile; fileRef = E174F19C27C3A454A255BA21 /* Pods_Adivina.framework */; };
/* End PBXBuildFile section */

/* Begin PBXFileReference section */
		0E3C46BA12707D3871A9D99A /* Pods-Adivina.debug.xcconfig */ = {isa = PBXFileReference; includeInIndex = 1; lastKnownFileType = text.xcconfig; name = "Pods-Adivina.debug.xcconfig"; path = "Target Support Files/Pods-Adivina/Pods-Adivina.debug.xcconfig"; sourceTree = "<group>"; };
		3C582A5C298A34CD000F1BC9 /* Adivina.app */ = {isa = PBXFileReference; explicitFileType = wrapper.application; includeInIndex = 0; path = Adivina.app; sourceTree = BUILT_PRODUCTS_DIR; };
		3C582A5F298A34CD000F1BC9 /* AppDelegate.swift */ = {isa = PBXFileReference; lastKnownFileType = sourcecode.swift; path = AppDelegate.swift; sourceTree = "<group>"; };
		3C582A61298A34CD000F1BC9 /* SceneDelegate.swift */ = {isa = PBXFileReference; lastKnownFileType = sourcecode.swift; path = SceneDelegate.swift; sourceTree = "<group>"; };
		3C582A6B298A34D7000F1BC9 /* Assets.xcassets */ = {isa = PBXFileReference; lastKnownFileType = folder.assetcatalog; path = Assets.xcassets; sourceTree = "<group>"; };
		3C582A70298A34D7000F1BC9 /* Info.plist */ = {isa = PBXFileReference; lastKnownFileType = text.plist.xml; path = Info.plist; sourceTree = "<group>"; };
		3C582A7A298A3630000F1BC9 /* InicioViewUI.swift */ = {isa = PBXFileReference; fileEncoding = 4; lastKnownFileType = sourcecode.swift; path = InicioViewUI.swift; sourceTree = "<group>"; };
		3C582A7B298A3630000F1BC9 /* InicioPresenter.swift */ = {isa = PBXFileReference; fileEncoding = 4; lastKnownFileType = sourcecode.swift; path = InicioPresenter.swift; sourceTree = "<group>"; };
		3C582A7C298A3630000F1BC9 /* InicioMain.swift */ = {isa = PBXFileReference; fileEncoding = 4; lastKnownFileType = sourcecode.swift; path = InicioMain.swift; sourceTree = "<group>"; };
		3C582A7D298A3630000F1BC9 /* InicioRouter.swift */ = {isa = PBXFileReference; fileEncoding = 4; lastKnownFileType = sourcecode.swift; path = InicioRouter.swift; sourceTree = "<group>"; };
		3C582A7E298A3630000F1BC9 /* InicioView.swift */ = {isa = PBXFileReference; fileEncoding = 4; lastKnownFileType = sourcecode.swift; path = InicioView.swift; sourceTree = "<group>"; };
		3C582A7F298A3630000F1BC9 /* InicioInteractor.swift */ = {isa = PBXFileReference; fileEncoding = 4; lastKnownFileType = sourcecode.swift; path = InicioInteractor.swift; sourceTree = "<group>"; };
		3C582A80298A3630000F1BC9 /* InicioEntity.swift */ = {isa = PBXFileReference; fileEncoding = 4; lastKnownFileType = sourcecode.swift; path = InicioEntity.swift; sourceTree = "<group>"; };
		3C582A81298A3630000F1BC9 /* InicioProtocols.swift */ = {isa = PBXFileReference; fileEncoding = 4; lastKnownFileType = sourcecode.swift; path = InicioProtocols.swift; sourceTree = "<group>"; };
		3C582A8B298A38C2000F1BC9 /* Btn_Default.swift */ = {isa = PBXFileReference; fileEncoding = 4; lastKnownFileType = sourcecode.swift; path = Btn_Default.swift; sourceTree = "<group>"; };
		3C582A8D298A38D4000F1BC9 /* Btn_Gradient.swift */ = {isa = PBXFileReference; fileEncoding = 4; lastKnownFileType = sourcecode.swift; path = Btn_Gradient.swift; sourceTree = "<group>"; };
		3C582A8F298A38DB000F1BC9 /* Colors.swift */ = {isa = PBXFileReference; fileEncoding = 4; lastKnownFileType = sourcecode.swift; path = Colors.swift; sourceTree = "<group>"; };
		3C582A92298B34F3000F1BC9 /* Home-Lottie.json */ = {isa = PBXFileReference; fileEncoding = 4; lastKnownFileType = text.json; path = "Home-Lottie.json"; sourceTree = "<group>"; };
		3C582A93298B34F3000F1BC9 /* netflix.json */ = {isa = PBXFileReference; fileEncoding = 4; lastKnownFileType = text.json; path = netflix.json; sourceTree = "<group>"; };
		3C582A94298B34F3000F1BC9 /* ninja-lottie.json */ = {isa = PBXFileReference; fileEncoding = 4; lastKnownFileType = text.json; path = "ninja-lottie.json"; sourceTree = "<group>"; };
		3C582A95298B34F3000F1BC9 /* check-error.json */ = {isa = PBXFileReference; fileEncoding = 4; lastKnownFileType = text.json; path = "check-error.json"; sourceTree = "<group>"; };
		3C582A96298B34F3000F1BC9 /* select-panda.json */ = {isa = PBXFileReference; fileEncoding = 4; lastKnownFileType = text.json; path = "select-panda.json"; sourceTree = "<group>"; };
		3C582A97298B34F4000F1BC9 /* anime.json */ = {isa = PBXFileReference; fileEncoding = 4; lastKnownFileType = text.json; path = anime.json; sourceTree = "<group>"; };
		3C582A98298B34F4000F1BC9 /* home-card.json */ = {isa = PBXFileReference; fileEncoding = 4; lastKnownFileType = text.json; path = "home-card.json"; sourceTree = "<group>"; };
		3C582A99298B34F4000F1BC9 /* check-succes.json */ = {isa = PBXFileReference; fileEncoding = 4; lastKnownFileType = text.json; path = "check-succes.json"; sourceTree = "<group>"; };
		3C582A9A298B34F4000F1BC9 /* action.json */ = {isa = PBXFileReference; fileEncoding = 4; lastKnownFileType = text.json; path = action.json; sourceTree = "<group>"; };
		3C582AA5298B353E000F1BC9 /* AnimesRouter.swift */ = {isa = PBXFileReference; fileEncoding = 4; lastKnownFileType = sourcecode.swift; path = AnimesRouter.swift; sourceTree = "<group>"; };
		3C582AA6298B353E000F1BC9 /* AnimesProtocols.swift */ = {isa = PBXFileReference; fileEncoding = 4; lastKnownFileType = sourcecode.swift; path = AnimesProtocols.swift; sourceTree = "<group>"; };
		3C582AA7298B353E000F1BC9 /* AnimesViewUI.swift */ = {isa = PBXFileReference; fileEncoding = 4; lastKnownFileType = sourcecode.swift; path = AnimesViewUI.swift; sourceTree = "<group>"; };
		3C582AA8298B353E000F1BC9 /* AnimesMain.swift */ = {isa = PBXFileReference; fileEncoding = 4; lastKnownFileType = sourcecode.swift; path = AnimesMain.swift; sourceTree = "<group>"; };
		3C582AA9298B353E000F1BC9 /* AnimesView.swift */ = {isa = PBXFileReference; fileEncoding = 4; lastKnownFileType = sourcecode.swift; path = AnimesView.swift; sourceTree = "<group>"; };
		3C582AAA298B353E000F1BC9 /* AnimesEntity.swift */ = {isa = PBXFileReference; fileEncoding = 4; lastKnownFileType = sourcecode.swift; path = AnimesEntity.swift; sourceTree = "<group>"; };
		3C582AAB298B353E000F1BC9 /* AnimesInteractor.swift */ = {isa = PBXFileReference; fileEncoding = 4; lastKnownFileType = sourcecode.swift; path = AnimesInteractor.swift; sourceTree = "<group>"; };
		3C582AAC298B353E000F1BC9 /* AnimesPresenter.swift */ = {isa = PBXFileReference; fileEncoding = 4; lastKnownFileType = sourcecode.swift; path = AnimesPresenter.swift; sourceTree = "<group>"; };
		3C582AB8298B363B000F1BC9 /* SeriesInteractor.swift */ = {isa = PBXFileReference; fileEncoding = 4; lastKnownFileType = sourcecode.swift; path = SeriesInteractor.swift; sourceTree = "<group>"; };
		3C582AB9298B363B000F1BC9 /* SeriesView.swift */ = {isa = PBXFileReference; fileEncoding = 4; lastKnownFileType = sourcecode.swift; path = SeriesView.swift; sourceTree = "<group>"; };
		3C582ABA298B363B000F1BC9 /* SeriesPresenter.swift */ = {isa = PBXFileReference; fileEncoding = 4; lastKnownFileType = sourcecode.swift; path = SeriesPresenter.swift; sourceTree = "<group>"; };
		3C582ABB298B363B000F1BC9 /* SeriesMain.swift */ = {isa = PBXFileReference; fileEncoding = 4; lastKnownFileType = sourcecode.swift; path = SeriesMain.swift; sourceTree = "<group>"; };
		3C582ABC298B363B000F1BC9 /* SeriesViewUI.swift */ = {isa = PBXFileReference; fileEncoding = 4; lastKnownFileType = sourcecode.swift; path = SeriesViewUI.swift; sourceTree = "<group>"; };
		3C582ABD298B363B000F1BC9 /* SeriesRouter.swift */ = {isa = PBXFileReference; fileEncoding = 4; lastKnownFileType = sourcecode.swift; path = SeriesRouter.swift; sourceTree = "<group>"; };
		3C582ABE298B363B000F1BC9 /* SeriesProtocols.swift */ = {isa = PBXFileReference; fileEncoding = 4; lastKnownFileType = sourcecode.swift; path = SeriesProtocols.swift; sourceTree = "<group>"; };
		3C582ABF298B363B000F1BC9 /* SeriesEntity.swift */ = {isa = PBXFileReference; fileEncoding = 4; lastKnownFileType = sourcecode.swift; path = SeriesEntity.swift; sourceTree = "<group>"; };
		3C582AC9298B3768000F1BC9 /* PeliculasView.swift */ = {isa = PBXFileReference; fileEncoding = 4; lastKnownFileType = sourcecode.swift; path = PeliculasView.swift; sourceTree = "<group>"; };
		3C582ACA298B3768000F1BC9 /* PeliculasViewUI.swift */ = {isa = PBXFileReference; fileEncoding = 4; lastKnownFileType = sourcecode.swift; path = PeliculasViewUI.swift; sourceTree = "<group>"; };
		3C582ACB298B3768000F1BC9 /* PeliculasMain.swift */ = {isa = PBXFileReference; fileEncoding = 4; lastKnownFileType = sourcecode.swift; path = PeliculasMain.swift; sourceTree = "<group>"; };
		3C582ACC298B3769000F1BC9 /* PeliculasProtocols.swift */ = {isa = PBXFileReference; fileEncoding = 4; lastKnownFileType = sourcecode.swift; path = PeliculasProtocols.swift; sourceTree = "<group>"; };
		3C582ACD298B3769000F1BC9 /* PeliculasRouter.swift */ = {isa = PBXFileReference; fileEncoding = 4; lastKnownFileType = sourcecode.swift; path = PeliculasRouter.swift; sourceTree = "<group>"; };
		3C582ACE298B3769000F1BC9 /* PeliculasEntity.swift */ = {isa = PBXFileReference; fileEncoding = 4; lastKnownFileType = sourcecode.swift; path = PeliculasEntity.swift; sourceTree = "<group>"; };
		3C582ACF298B3769000F1BC9 /* PeliculasInteractor.swift */ = {isa = PBXFileReference; fileEncoding = 4; lastKnownFileType = sourcecode.swift; path = PeliculasInteractor.swift; sourceTree = "<group>"; };
		3C582AD0298B3769000F1BC9 /* PeliculasPresenter.swift */ = {isa = PBXFileReference; fileEncoding = 4; lastKnownFileType = sourcecode.swift; path = PeliculasPresenter.swift; sourceTree = "<group>"; };
		6F7D3CA13B6F381946A4EAC8 /* Pods-Adivina.release.xcconfig */ = {isa = PBXFileReference; includeInIndex = 1; lastKnownFileType = text.xcconfig; name = "Pods-Adivina.release.xcconfig"; path = "Target Support Files/Pods-Adivina/Pods-Adivina.release.xcconfig"; sourceTree = "<group>"; };
		E174F19C27C3A454A255BA21 /* Pods_Adivina.framework */ = {isa = PBXFileReference; explicitFileType = wrapper.framework; includeInIndex = 0; path = Pods_Adivina.framework; sourceTree = BUILT_PRODUCTS_DIR; };
/* End PBXFileReference section */

/* Begin PBXFrameworksBuildPhase section */
		3C582A59298A34CC000F1BC9 /* Frameworks */ = {
			isa = PBXFrameworksBuildPhase;
			buildActionMask = 2147483647;
			files = (
				4634C8AC991DD772FE360D2C /* Pods_Adivina.framework in Frameworks */,
			);
			runOnlyForDeploymentPostprocessing = 0;
		};
/* End PBXFrameworksBuildPhase section */

/* Begin PBXGroup section */
		3C582A53298A34CC000F1BC9 = {
			isa = PBXGroup;
			children = (
				3C582A5E298A34CD000F1BC9 /* Adivina */,
				3C582A5D298A34CD000F1BC9 /* Products */,
				91931C99CC2C65CC3174AB16 /* Pods */,
				9B60DE2F9A16C92472880DC0 /* Frameworks */,
			);
			sourceTree = "<group>";
		};
		3C582A5D298A34CD000F1BC9 /* Products */ = {
			isa = PBXGroup;
			children = (
				3C582A5C298A34CD000F1BC9 /* Adivina.app */,
			);
			name = Products;
			sourceTree = "<group>";
		};
		3C582A5E298A34CD000F1BC9 /* Adivina */ = {
			isa = PBXGroup;
			children = (
				3C582A8A298A389C000F1BC9 /* Utils */,
				3C582A76298A35CC000F1BC9 /* Modulos */,
				3C582A5F298A34CD000F1BC9 /* AppDelegate.swift */,
				3C582A61298A34CD000F1BC9 /* SceneDelegate.swift */,
				3C582A6B298A34D7000F1BC9 /* Assets.xcassets */,
				3C582A70298A34D7000F1BC9 /* Info.plist */,
			);
			path = Adivina;
			sourceTree = "<group>";
		};
		3C582A76298A35CC000F1BC9 /* Modulos */ = {
			isa = PBXGroup;
			children = (
				3C582AC8298B3750000F1BC9 /* Peliculas */,
				3C582AB7298B3626000F1BC9 /* Series */,
				3C582AA4298B3519000F1BC9 /* Anime */,
				3C582A79298A361D000F1BC9 /* Inicio */,
			);
			path = Modulos;
			sourceTree = "<group>";
		};
		3C582A79298A361D000F1BC9 /* Inicio */ = {
			isa = PBXGroup;
			children = (
				3C582A80298A3630000F1BC9 /* InicioEntity.swift */,
				3C582A7F298A3630000F1BC9 /* InicioInteractor.swift */,
				3C582A7C298A3630000F1BC9 /* InicioMain.swift */,
				3C582A7B298A3630000F1BC9 /* InicioPresenter.swift */,
				3C582A81298A3630000F1BC9 /* InicioProtocols.swift */,
				3C582A7D298A3630000F1BC9 /* InicioRouter.swift */,
				3C582A7E298A3630000F1BC9 /* InicioView.swift */,
				3C582A7A298A3630000F1BC9 /* InicioViewUI.swift */,
			);
			path = Inicio;
			sourceTree = "<group>";
		};
		3C582A8A298A389C000F1BC9 /* Utils */ = {
			isa = PBXGroup;
			children = (
				3C582A91298B34D6000F1BC9 /* Animaciones */,
				3C582A8F298A38DB000F1BC9 /* Colors.swift */,
				3C582A8B298A38C2000F1BC9 /* Btn_Default.swift */,
				3C582A8D298A38D4000F1BC9 /* Btn_Gradient.swift */,
			);
			path = Utils;
			sourceTree = "<group>";
		};
		3C582A91298B34D6000F1BC9 /* Animaciones */ = {
			isa = PBXGroup;
			children = (
				3C582A9A298B34F4000F1BC9 /* action.json */,
				3C582A97298B34F4000F1BC9 /* anime.json */,
				3C582A95298B34F3000F1BC9 /* check-error.json */,
				3C582A99298B34F4000F1BC9 /* check-succes.json */,
				3C582A98298B34F4000F1BC9 /* home-card.json */,
				3C582A92298B34F3000F1BC9 /* Home-Lottie.json */,
				3C582A93298B34F3000F1BC9 /* netflix.json */,
				3C582A94298B34F3000F1BC9 /* ninja-lottie.json */,
				3C582A96298B34F3000F1BC9 /* select-panda.json */,
			);
			path = Animaciones;
			sourceTree = "<group>";
		};
		3C582AA4298B3519000F1BC9 /* Anime */ = {
			isa = PBXGroup;
			children = (
				3C582AAA298B353E000F1BC9 /* AnimesEntity.swift */,
				3C582AAB298B353E000F1BC9 /* AnimesInteractor.swift */,
				3C582AA8298B353E000F1BC9 /* AnimesMain.swift */,
				3C582AAC298B353E000F1BC9 /* AnimesPresenter.swift */,
				3C582AA6298B353E000F1BC9 /* AnimesProtocols.swift */,
				3C582AA5298B353E000F1BC9 /* AnimesRouter.swift */,
				3C582AA9298B353E000F1BC9 /* AnimesView.swift */,
				3C582AA7298B353E000F1BC9 /* AnimesViewUI.swift */,
			);
			path = Anime;
			sourceTree = "<group>";
		};
		3C582AB7298B3626000F1BC9 /* Series */ = {
			isa = PBXGroup;
			children = (
				3C582ABF298B363B000F1BC9 /* SeriesEntity.swift */,
				3C582AB8298B363B000F1BC9 /* SeriesInteractor.swift */,
				3C582ABB298B363B000F1BC9 /* SeriesMain.swift */,
				3C582ABA298B363B000F1BC9 /* SeriesPresenter.swift */,
				3C582ABE298B363B000F1BC9 /* SeriesProtocols.swift */,
				3C582ABD298B363B000F1BC9 /* SeriesRouter.swift */,
				3C582AB9298B363B000F1BC9 /* SeriesView.swift */,
				3C582ABC298B363B000F1BC9 /* SeriesViewUI.swift */,
			);
			path = Series;
			sourceTree = "<group>";
		};
		3C582AC8298B3750000F1BC9 /* Peliculas */ = {
			isa = PBXGroup;
			children = (
				3C582ACE298B3769000F1BC9 /* PeliculasEntity.swift */,
				3C582ACF298B3769000F1BC9 /* PeliculasInteractor.swift */,
				3C582ACB298B3768000F1BC9 /* PeliculasMain.swift */,
				3C582AD0298B3769000F1BC9 /* PeliculasPresenter.swift */,
				3C582ACC298B3769000F1BC9 /* PeliculasProtocols.swift */,
				3C582ACD298B3769000F1BC9 /* PeliculasRouter.swift */,
				3C582AC9298B3768000F1BC9 /* PeliculasView.swift */,
				3C582ACA298B3768000F1BC9 /* PeliculasViewUI.swift */,
			);
			path = Peliculas;
			sourceTree = "<group>";
		};
		91931C99CC2C65CC3174AB16 /* Pods */ = {
			isa = PBXGroup;
			children = (
				0E3C46BA12707D3871A9D99A /* Pods-Adivina.debug.xcconfig */,
				6F7D3CA13B6F381946A4EAC8 /* Pods-Adivina.release.xcconfig */,
			);
			path = Pods;
			sourceTree = "<group>";
		};
		9B60DE2F9A16C92472880DC0 /* Frameworks */ = {
			isa = PBXGroup;
			children = (
				E174F19C27C3A454A255BA21 /* Pods_Adivina.framework */,
			);
			name = Frameworks;
			sourceTree = "<group>";
		};
/* End PBXGroup section */

/* Begin PBXNativeTarget section */
		3C582A5B298A34CC000F1BC9 /* Adivina */ = {
			isa = PBXNativeTarget;
			buildConfigurationList = 3C582A73298A34D7000F1BC9 /* Build configuration list for PBXNativeTarget "Adivina" */;
			buildPhases = (
				EFF372D53797DF02D755436A /* [CP] Check Pods Manifest.lock */,
				3C582A58298A34CC000F1BC9 /* Sources */,
				3C582A59298A34CC000F1BC9 /* Frameworks */,
				3C582A5A298A34CC000F1BC9 /* Resources */,
				DD1C5C99B8672A31324241FA /* [CP] Embed Pods Frameworks */,
			);
			buildRules = (
			);
			dependencies = (
			);
			name = Adivina;
			productName = Adivina;
			productReference = 3C582A5C298A34CD000F1BC9 /* Adivina.app */;
			productType = "com.apple.product-type.application";
		};
/* End PBXNativeTarget section */

/* Begin PBXProject section */
		3C582A54298A34CC000F1BC9 /* Project object */ = {
			isa = PBXProject;
			attributes = {
				BuildIndependentTargetsInParallel = 1;
				LastSwiftUpdateCheck = 1330;
				LastUpgradeCheck = 1330;
				TargetAttributes = {
					3C582A5B298A34CC000F1BC9 = {
						CreatedOnToolsVersion = 13.3.1;
					};
				};
			};
			buildConfigurationList = 3C582A57298A34CC000F1BC9 /* Build configuration list for PBXProject "Adivina" */;
			compatibilityVersion = "Xcode 13.0";
			developmentRegion = en;
			hasScannedForEncodings = 0;
			knownRegions = (
				en,
				Base,
			);
			mainGroup = 3C582A53298A34CC000F1BC9;
			productRefGroup = 3C582A5D298A34CD000F1BC9 /* Products */;
			projectDirPath = "";
			projectRoot = "";
			targets = (
				3C582A5B298A34CC000F1BC9 /* Adivina */,
			);
		};
/* End PBXProject section */

/* Begin PBXResourcesBuildPhase section */
		3C582A5A298A34CC000F1BC9 /* Resources */ = {
			isa = PBXResourcesBuildPhase;
			buildActionMask = 2147483647;
			files = (
				3C582A6C298A34D7000F1BC9 /* Assets.xcassets in Resources */,
				3C582A9B298B34F4000F1BC9 /* Home-Lottie.json in Resources */,
				3C582A9C298B34F4000F1BC9 /* netflix.json in Resources */,
				3C582A9E298B34F4000F1BC9 /* check-error.json in Resources */,
				3C582AA2298B34F4000F1BC9 /* check-succes.json in Resources */,
				3C582AA0298B34F4000F1BC9 /* anime.json in Resources */,
				3C582A9F298B34F4000F1BC9 /* select-panda.json in Resources */,
				3C582AA1298B34F4000F1BC9 /* home-card.json in Resources */,
				3C582A9D298B34F4000F1BC9 /* ninja-lottie.json in Resources */,
				3C582AA3298B34F4000F1BC9 /* action.json in Resources */,
			);
			runOnlyForDeploymentPostprocessing = 0;
		};
/* End PBXResourcesBuildPhase section */

/* Begin PBXShellScriptBuildPhase section */
		DD1C5C99B8672A31324241FA /* [CP] Embed Pods Frameworks */ = {
			isa = PBXShellScriptBuildPhase;
			buildActionMask = 2147483647;
			files = (
			);
			inputFileListPaths = (
				"${PODS_ROOT}/Target Support Files/Pods-Adivina/Pods-Adivina-frameworks-${CONFIGURATION}-input-files.xcfilelist",
			);
			name = "[CP] Embed Pods Frameworks";
			outputFileListPaths = (
				"${PODS_ROOT}/Target Support Files/Pods-Adivina/Pods-Adivina-frameworks-${CONFIGURATION}-output-files.xcfilelist",
			);
			runOnlyForDeploymentPostprocessing = 0;
			shellPath = /bin/sh;
			shellScript = "\"${PODS_ROOT}/Target Support Files/Pods-Adivina/Pods-Adivina-frameworks.sh\"\n";
			showEnvVarsInLog = 0;
		};
		EFF372D53797DF02D755436A /* [CP] Check Pods Manifest.lock */ = {
			isa = PBXShellScriptBuildPhase;
			buildActionMask = 2147483647;
			files = (
			);
			inputFileListPaths = (
			);
			inputPaths = (
				"${PODS_PODFILE_DIR_PATH}/Podfile.lock",
				"${PODS_ROOT}/Manifest.lock",
			);
			name = "[CP] Check Pods Manifest.lock";
			outputFileListPaths = (
			);
			outputPaths = (
				"$(DERIVED_FILE_DIR)/Pods-Adivina-checkManifestLockResult.txt",
			);
			runOnlyForDeploymentPostprocessing = 0;
			shellPath = /bin/sh;
			shellScript = "diff \"${PODS_PODFILE_DIR_PATH}/Podfile.lock\" \"${PODS_ROOT}/Manifest.lock\" > /dev/null\nif [ $? != 0 ] ; then\n    # print error to STDERR\n    echo \"error: The sandbox is not in sync with the Podfile.lock. Run 'pod install' or update your CocoaPods installation.\" >&2\n    exit 1\nfi\n# This output is used by Xcode 'outputs' to avoid re-running this script phase.\necho \"SUCCESS\" > \"${SCRIPT_OUTPUT_FILE_0}\"\n";
			showEnvVarsInLog = 0;
		};
/* End PBXShellScriptBuildPhase section */

/* Begin PBXSourcesBuildPhase section */
		3C582A58298A34CC000F1BC9 /* Sources */ = {
			isa = PBXSourcesBuildPhase;
			buildActionMask = 2147483647;
			files = (
				3C582A86298A3630000F1BC9 /* InicioView.swift in Sources */,
				3C582AC4298B363B000F1BC9 /* SeriesViewUI.swift in Sources */,
				3C582AB4298B353F000F1BC9 /* AnimesPresenter.swift in Sources */,
				3C582AC3298B363B000F1BC9 /* SeriesMain.swift in Sources */,
				3C582A82298A3630000F1BC9 /* InicioViewUI.swift in Sources */,
				3C582AD7298B3769000F1BC9 /* PeliculasInteractor.swift in Sources */,
				3C582AD5298B3769000F1BC9 /* PeliculasRouter.swift in Sources */,
				3C582AC1298B363B000F1BC9 /* SeriesView.swift in Sources */,
				3C582A90298A38DB000F1BC9 /* Colors.swift in Sources */,
				3C582AB1298B353F000F1BC9 /* AnimesView.swift in Sources */,
				3C582AD6298B3769000F1BC9 /* PeliculasEntity.swift in Sources */,
				3C582AC6298B363B000F1BC9 /* SeriesProtocols.swift in Sources */,
				3C582AC0298B363B000F1BC9 /* SeriesInteractor.swift in Sources */,
				3C582AAF298B353F000F1BC9 /* AnimesViewUI.swift in Sources */,
				3C582AAE298B353F000F1BC9 /* AnimesProtocols.swift in Sources */,
				3C582AD8298B3769000F1BC9 /* PeliculasPresenter.swift in Sources */,
				3C582A83298A3630000F1BC9 /* InicioPresenter.swift in Sources */,
				3C582AC5298B363B000F1BC9 /* SeriesRouter.swift in Sources */,
				3C582AD2298B3769000F1BC9 /* PeliculasViewUI.swift in Sources */,
				3C582A8C298A38C2000F1BC9 /* Btn_Default.swift in Sources */,
				3C582AD1298B3769000F1BC9 /* PeliculasView.swift in Sources */,
				3C582A60298A34CD000F1BC9 /* AppDelegate.swift in Sources */,
				3C582A89298A3630000F1BC9 /* InicioProtocols.swift in Sources */,
				3C582AD4298B3769000F1BC9 /* PeliculasProtocols.swift in Sources */,
				3C582AB2298B353F000F1BC9 /* AnimesEntity.swift in Sources */,
				3C582AB0298B353F000F1BC9 /* AnimesMain.swift in Sources */,
				3C582AD3298B3769000F1BC9 /* PeliculasMain.swift in Sources */,
				3C582A88298A3630000F1BC9 /* InicioEntity.swift in Sources */,
				3C582AB3298B353F000F1BC9 /* AnimesInteractor.swift in Sources */,
				3C582A85298A3630000F1BC9 /* InicioRouter.swift in Sources */,
				3C582A62298A34CD000F1BC9 /* SceneDelegate.swift in Sources */,
				3C582AC2298B363B000F1BC9 /* SeriesPresenter.swift in Sources */,
				3C582AC7298B363B000F1BC9 /* SeriesEntity.swift in Sources */,
				3C582A84298A3630000F1BC9 /* InicioMain.swift in Sources */,
				3C582AAD298B353F000F1BC9 /* AnimesRouter.swift in Sources */,
				3C582A87298A3630000F1BC9 /* InicioInteractor.swift in Sources */,
				3C582A8E298A38D4000F1BC9 /* Btn_Gradient.swift in Sources */,
			);
			runOnlyForDeploymentPostprocessing = 0;
		};
/* End PBXSourcesBuildPhase section */

/* Begin XCBuildConfiguration section */
		3C582A71298A34D7000F1BC9 /* Debug */ = {
			isa = XCBuildConfiguration;
			buildSettings = {
				ALWAYS_SEARCH_USER_PATHS = NO;
				CLANG_ANALYZER_NONNULL = YES;
				CLANG_ANALYZER_NUMBER_OBJECT_CONVERSION = YES_AGGRESSIVE;
				CLANG_CXX_LANGUAGE_STANDARD = "gnu++17";
				CLANG_ENABLE_MODULES = YES;
				CLANG_ENABLE_OBJC_ARC = YES;
				CLANG_ENABLE_OBJC_WEAK = YES;
				CLANG_WARN_BLOCK_CAPTURE_AUTORELEASING = YES;
				CLANG_WARN_BOOL_CONVERSION = YES;
				CLANG_WARN_COMMA = YES;
				CLANG_WARN_CONSTANT_CONVERSION = YES;
				CLANG_WARN_DEPRECATED_OBJC_IMPLEMENTATIONS = YES;
				CLANG_WARN_DIRECT_OBJC_ISA_USAGE = YES_ERROR;
				CLANG_WARN_DOCUMENTATION_COMMENTS = YES;
				CLANG_WARN_EMPTY_BODY = YES;
				CLANG_WARN_ENUM_CONVERSION = YES;
				CLANG_WARN_INFINITE_RECURSION = YES;
				CLANG_WARN_INT_CONVERSION = YES;
				CLANG_WARN_NON_LITERAL_NULL_CONVERSION = YES;
				CLANG_WARN_OBJC_IMPLICIT_RETAIN_SELF = YES;
				CLANG_WARN_OBJC_LITERAL_CONVERSION = YES;
				CLANG_WARN_OBJC_ROOT_CLASS = YES_ERROR;
				CLANG_WARN_QUOTED_INCLUDE_IN_FRAMEWORK_HEADER = YES;
				CLANG_WARN_RANGE_LOOP_ANALYSIS = YES;
				CLANG_WARN_STRICT_PROTOTYPES = YES;
				CLANG_WARN_SUSPICIOUS_MOVE = YES;
				CLANG_WARN_UNGUARDED_AVAILABILITY = YES_AGGRESSIVE;
				CLANG_WARN_UNREACHABLE_CODE = YES;
				CLANG_WARN__DUPLICATE_METHOD_MATCH = YES;
				COPY_PHASE_STRIP = NO;
				DEBUG_INFORMATION_FORMAT = dwarf;
				ENABLE_STRICT_OBJC_MSGSEND = YES;
				ENABLE_TESTABILITY = YES;
				GCC_C_LANGUAGE_STANDARD = gnu11;
				GCC_DYNAMIC_NO_PIC = NO;
				GCC_NO_COMMON_BLOCKS = YES;
				GCC_OPTIMIZATION_LEVEL = 0;
				GCC_PREPROCESSOR_DEFINITIONS = (
					"DEBUG=1",
					"$(inherited)",
				);
				GCC_WARN_64_TO_32_BIT_CONVERSION = YES;
				GCC_WARN_ABOUT_RETURN_TYPE = YES_ERROR;
				GCC_WARN_UNDECLARED_SELECTOR = YES;
				GCC_WARN_UNINITIALIZED_AUTOS = YES_AGGRESSIVE;
				GCC_WARN_UNUSED_FUNCTION = YES;
				GCC_WARN_UNUSED_VARIABLE = YES;
				IPHONEOS_DEPLOYMENT_TARGET = 15.4;
				MTL_ENABLE_DEBUG_INFO = INCLUDE_SOURCE;
				MTL_FAST_MATH = YES;
				ONLY_ACTIVE_ARCH = YES;
				SDKROOT = iphoneos;
				SWIFT_ACTIVE_COMPILATION_CONDITIONS = DEBUG;
				SWIFT_OPTIMIZATION_LEVEL = "-Onone";
			};
			name = Debug;
		};
		3C582A72298A34D7000F1BC9 /* Release */ = {
			isa = XCBuildConfiguration;
			buildSettings = {
				ALWAYS_SEARCH_USER_PATHS = NO;
				CLANG_ANALYZER_NONNULL = YES;
				CLANG_ANALYZER_NUMBER_OBJECT_CONVERSION = YES_AGGRESSIVE;
				CLANG_CXX_LANGUAGE_STANDARD = "gnu++17";
				CLANG_ENABLE_MODULES = YES;
				CLANG_ENABLE_OBJC_ARC = YES;
				CLANG_ENABLE_OBJC_WEAK = YES;
				CLANG_WARN_BLOCK_CAPTURE_AUTORELEASING = YES;
				CLANG_WARN_BOOL_CONVERSION = YES;
				CLANG_WARN_COMMA = YES;
				CLANG_WARN_CONSTANT_CONVERSION = YES;
				CLANG_WARN_DEPRECATED_OBJC_IMPLEMENTATIONS = YES;
				CLANG_WARN_DIRECT_OBJC_ISA_USAGE = YES_ERROR;
				CLANG_WARN_DOCUMENTATION_COMMENTS = YES;
				CLANG_WARN_EMPTY_BODY = YES;
				CLANG_WARN_ENUM_CONVERSION = YES;
				CLANG_WARN_INFINITE_RECURSION = YES;
				CLANG_WARN_INT_CONVERSION = YES;
				CLANG_WARN_NON_LITERAL_NULL_CONVERSION = YES;
				CLANG_WARN_OBJC_IMPLICIT_RETAIN_SELF = YES;
				CLANG_WARN_OBJC_LITERAL_CONVERSION = YES;
				CLANG_WARN_OBJC_ROOT_CLASS = YES_ERROR;
				CLANG_WARN_QUOTED_INCLUDE_IN_FRAMEWORK_HEADER = YES;
				CLANG_WARN_RANGE_LOOP_ANALYSIS = YES;
				CLANG_WARN_STRICT_PROTOTYPES = YES;
				CLANG_WARN_SUSPICIOUS_MOVE = YES;
				CLANG_WARN_UNGUARDED_AVAILABILITY = YES_AGGRESSIVE;
				CLANG_WARN_UNREACHABLE_CODE = YES;
				CLANG_WARN__DUPLICATE_METHOD_MATCH = YES;
				COPY_PHASE_STRIP = NO;
				DEBUG_INFORMATION_FORMAT = "dwarf-with-dsym";
				ENABLE_NS_ASSERTIONS = NO;
				ENABLE_STRICT_OBJC_MSGSEND = YES;
				GCC_C_LANGUAGE_STANDARD = gnu11;
				GCC_NO_COMMON_BLOCKS = YES;
				GCC_WARN_64_TO_32_BIT_CONVERSION = YES;
				GCC_WARN_ABOUT_RETURN_TYPE = YES_ERROR;
				GCC_WARN_UNDECLARED_SELECTOR = YES;
				GCC_WARN_UNINITIALIZED_AUTOS = YES_AGGRESSIVE;
				GCC_WARN_UNUSED_FUNCTION = YES;
				GCC_WARN_UNUSED_VARIABLE = YES;
				IPHONEOS_DEPLOYMENT_TARGET = 15.4;
				MTL_ENABLE_DEBUG_INFO = NO;
				MTL_FAST_MATH = YES;
				SDKROOT = iphoneos;
				SWIFT_COMPILATION_MODE = wholemodule;
				SWIFT_OPTIMIZATION_LEVEL = "-O";
				VALIDATE_PRODUCT = YES;
			};
			name = Release;
		};
		3C582A74298A34D7000F1BC9 /* Debug */ = {
			isa = XCBuildConfiguration;
			baseConfigurationReference = 0E3C46BA12707D3871A9D99A /* Pods-Adivina.debug.xcconfig */;
			buildSettings = {
				ASSETCATALOG_COMPILER_APPICON_NAME = AppIcon;
				ASSETCATALOG_COMPILER_GLOBAL_ACCENT_COLOR_NAME = AccentColor;
				CODE_SIGN_STYLE = Automatic;
				CURRENT_PROJECT_VERSION = 1;
				DEVELOPMENT_TEAM = BAB5CMY748;
				GENERATE_INFOPLIST_FILE = YES;
				INFOPLIST_FILE = Adivina/Info.plist;
				INFOPLIST_KEY_UIApplicationSupportsIndirectInputEvents = YES;
				INFOPLIST_KEY_UISupportedInterfaceOrientations = UIInterfaceOrientationPortrait;
				INFOPLIST_KEY_UISupportedInterfaceOrientations_iPad = "UIInterfaceOrientationPortrait UIInterfaceOrientationPortraitUpsideDown UIInterfaceOrientationLandscapeLeft UIInterfaceOrientationLandscapeRight";
				INFOPLIST_KEY_UISupportedInterfaceOrientations_iPhone = "UIInterfaceOrientationPortrait UIInterfaceOrientationLandscapeLeft UIInterfaceOrientationLandscapeRight";
				IPHONEOS_DEPLOYMENT_TARGET = 13.0;
				LD_RUNPATH_SEARCH_PATHS = (
					"$(inherited)",
					"@executable_path/Frameworks",
				);
				MARKETING_VERSION = 1.0;
				PRODUCT_BUNDLE_IDENTIFIER = ER.Adivina;
				PRODUCT_NAME = "$(TARGET_NAME)";
				SWIFT_EMIT_LOC_STRINGS = YES;
				SWIFT_VERSION = 5.0;
				TARGETED_DEVICE_FAMILY = 1;
			};
			name = Debug;
		};
		3C582A75298A34D7000F1BC9 /* Release */ = {
			isa = XCBuildConfiguration;
			baseConfigurationReference = 6F7D3CA13B6F381946A4EAC8 /* Pods-Adivina.release.xcconfig */;
			buildSettings = {
				ASSETCATALOG_COMPILER_APPICON_NAME = AppIcon;
				ASSETCATALOG_COMPILER_GLOBAL_ACCENT_COLOR_NAME = AccentColor;
				CODE_SIGN_STYLE = Automatic;
				CURRENT_PROJECT_VERSION = 1;
				DEVELOPMENT_TEAM = BAB5CMY748;
				GENERATE_INFOPLIST_FILE = YES;
				INFOPLIST_FILE = Adivina/Info.plist;
				INFOPLIST_KEY_UIApplicationSupportsIndirectInputEvents = YES;
				INFOPLIST_KEY_UISupportedInterfaceOrientations = UIInterfaceOrientationPortrait;
				INFOPLIST_KEY_UISupportedInterfaceOrientations_iPad = "UIInterfaceOrientationPortrait UIInterfaceOrientationPortraitUpsideDown UIInterfaceOrientationLandscapeLeft UIInterfaceOrientationLandscapeRight";
				INFOPLIST_KEY_UISupportedInterfaceOrientations_iPhone = "UIInterfaceOrientationPortrait UIInterfaceOrientationLandscapeLeft UIInterfaceOrientationLandscapeRight";
				IPHONEOS_DEPLOYMENT_TARGET = 13.0;
				LD_RUNPATH_SEARCH_PATHS = (
					"$(inherited)",
					"@executable_path/Frameworks",
				);
				MARKETING_VERSION = 1.0;
				PRODUCT_BUNDLE_IDENTIFIER = ER.Adivina;
				PRODUCT_NAME = "$(TARGET_NAME)";
				SWIFT_EMIT_LOC_STRINGS = YES;
				SWIFT_VERSION = 5.0;
				TARGETED_DEVICE_FAMILY = 1;
			};
			name = Release;
		};
/* End XCBuildConfiguration section */

/* Begin XCConfigurationList section */
		3C582A57298A34CC000F1BC9 /* Build configuration list for PBXProject "Adivina" */ = {
			isa = XCConfigurationList;
			buildConfigurations = (
				3C582A71298A34D7000F1BC9 /* Debug */,
				3C582A72298A34D7000F1BC9 /* Release */,
			);
			defaultConfigurationIsVisible = 0;
			defaultConfigurationName = Release;
		};
		3C582A73298A34D7000F1BC9 /* Build configuration list for PBXNativeTarget "Adivina" */ = {
			isa = XCConfigurationList;
			buildConfigurations = (
				3C582A74298A34D7000F1BC9 /* Debug */,
				3C582A75298A34D7000F1BC9 /* Release */,
			);
			defaultConfigurationIsVisible = 0;
			defaultConfigurationName = Release;
		};
/* End XCConfigurationList section */
	};
	rootObject = 3C582A54298A34CC000F1BC9 /* Project object */;
}
